
Microsoft Visual Studio Solution File, Format Version 12.00
# Visual Studio Version 17
VisualStudioVersion = 17.3.32922.545
MinimumVisualStudioVersion = 10.0.40219.1
Project("{FAE04EC0-301F-11D3-BF4B-00C04F79EFBC}") = "PROJECTMP17", "PROJECTMP17\PROJECTMP17.csproj", "{7C8D4779-0FE4-4ADD-83A9-CAD6CCF9D9CC}"
EndProject
Global
	GlobalSection(SolutionConfigurationPlatforms) = preSolution
		Debug|Any CPU = Debug|Any CPU
		Release|Any CPU = Release|Any CPU
	EndGlobalSection
	GlobalSection(ProjectConfigurationPlatforms) = postSolution
		{7C8D4779-0FE4-4ADD-83A9-CAD6CCF9D9CC}.Debug|Any CPU.ActiveCfg = Debug|Any CPU
		{7C8D4779-0FE4-4ADD-83A9-CAD6CCF9D9CC}.Debug|Any CPU.Build.0 = Debug|Any CPU
		{7C8D4779-0FE4-4ADD-83A9-CAD6CCF9D9CC}.Release|Any CPU.ActiveCfg = Release|Any CPU
		{7C8D4779-0FE4-4ADD-83A9-CAD6CCF9D9CC}.Release|Any CPU.Build.0 = Release|Any CPU
	EndGlobalSection
	GlobalSection(SolutionProperties) = preSolution
		HideSolutionNode = FALSE
	EndGlobalSection
	GlobalSection(ExtensibilityGlobals) = postSolution
		SolutionGuid = {7B90B5D0-0F0E-41C8-9A27-6AB21D571A19}
	EndGlobalSection
EndGlobal
